
Microsoft Visual Studio Solution File, Format Version 12.00
Project("{FAE04EC0-301F-11D3-BF4B-00C04F79EFBC}") = "TP1", "TP1\TP1.csproj", "{67D245CD-3A35-4664-871F-F82F78D58362}"
EndProject
Project("{FAE04EC0-301F-11D3-BF4B-00C04F79EFBC}") = "TP2", "TP2\TP2.csproj", "{D8912329-DDB9-436A-9FFD-F7CD267DD7E9}"
EndProject
Global
	GlobalSection(SolutionConfigurationPlatforms) = preSolution
		Debug|Any CPU = Debug|Any CPU
		Release|Any CPU = Release|Any CPU
	EndGlobalSection
	GlobalSection(ProjectConfigurationPlatforms) = postSolution
		{67D245CD-3A35-4664-871F-F82F78D58362}.Debug|Any CPU.ActiveCfg = Debug|Any CPU
		{67D245CD-3A35-4664-871F-F82F78D58362}.Debug|Any CPU.Build.0 = Debug|Any CPU
		{67D245CD-3A35-4664-871F-F82F78D58362}.Release|Any CPU.ActiveCfg = Release|Any CPU
		{67D245CD-3A35-4664-871F-F82F78D58362}.Release|Any CPU.Build.0 = Release|Any CPU
		{D8912329-DDB9-436A-9FFD-F7CD267DD7E9}.Debug|Any CPU.ActiveCfg = Debug|Any CPU
		{D8912329-DDB9-436A-9FFD-F7CD267DD7E9}.Debug|Any CPU.Build.0 = Debug|Any CPU
		{D8912329-DDB9-436A-9FFD-F7CD267DD7E9}.Release|Any CPU.ActiveCfg = Release|Any CPU
		{D8912329-DDB9-436A-9FFD-F7CD267DD7E9}.Release|Any CPU.Build.0 = Release|Any CPU
	EndGlobalSection
EndGlobal
